
Microsoft Visual Studio Solution File, Format Version 12.00
# Visual Studio Version 17
VisualStudioVersion = 17.9.34723.18
MinimumVisualStudioVersion = 10.0.40219.1
Project("{9A19103F-16F7-4668-BE54-9A1E7A4F7556}") = "GestionRDV", "GestionRDV\GestionRDV.csproj", "{8B2746C3-B49F-44A6-B316-44135FA7DDDB}"
EndProject
Project("{FAE04EC0-301F-11D3-BF4B-00C04F79EFBC}") = "Common", "Common\Common.csproj", "{1C841627-A443-4E79-9B7C-8DEA327D094E}"
EndProject
Project("{FAE04EC0-301F-11D3-BF4B-00C04F79EFBC}") = "Business", "Business\Business.csproj", "{BF8CE88C-D8E8-4590-980E-BD73A5FEB14D}"
EndProject
Project("{FAE04EC0-301F-11D3-BF4B-00C04F79EFBC}") = "Services", "Services\Services.csproj", "{AB40E222-6558-44BF-8E48-80F849A4D3B9}"
EndProject
Global
	GlobalSection(SolutionConfigurationPlatforms) = preSolution
		Debug|Any CPU = Debug|Any CPU
		Release|Any CPU = Release|Any CPU
	EndGlobalSection
	GlobalSection(ProjectConfigurationPlatforms) = postSolution
		{8B2746C3-B49F-44A6-B316-44135FA7DDDB}.Debug|Any CPU.ActiveCfg = Debug|Any CPU
		{8B2746C3-B49F-44A6-B316-44135FA7DDDB}.Debug|Any CPU.Build.0 = Debug|Any CPU
		{8B2746C3-B49F-44A6-B316-44135FA7DDDB}.Release|Any CPU.ActiveCfg = Release|Any CPU
		{8B2746C3-B49F-44A6-B316-44135FA7DDDB}.Release|Any CPU.Build.0 = Release|Any CPU
		{1C841627-A443-4E79-9B7C-8DEA327D094E}.Debug|Any CPU.ActiveCfg = Debug|Any CPU
		{1C841627-A443-4E79-9B7C-8DEA327D094E}.Debug|Any CPU.Build.0 = Debug|Any CPU
		{1C841627-A443-4E79-9B7C-8DEA327D094E}.Release|Any CPU.ActiveCfg = Release|Any CPU
		{1C841627-A443-4E79-9B7C-8DEA327D094E}.Release|Any CPU.Build.0 = Release|Any CPU
		{BF8CE88C-D8E8-4590-980E-BD73A5FEB14D}.Debug|Any CPU.ActiveCfg = Debug|Any CPU
		{BF8CE88C-D8E8-4590-980E-BD73A5FEB14D}.Debug|Any CPU.Build.0 = Debug|Any CPU
		{BF8CE88C-D8E8-4590-980E-BD73A5FEB14D}.Release|Any CPU.ActiveCfg = Release|Any CPU
		{BF8CE88C-D8E8-4590-980E-BD73A5FEB14D}.Release|Any CPU.Build.0 = Release|Any CPU
		{AB40E222-6558-44BF-8E48-80F849A4D3B9}.Debug|Any CPU.ActiveCfg = Debug|Any CPU
		{AB40E222-6558-44BF-8E48-80F849A4D3B9}.Debug|Any CPU.Build.0 = Debug|Any CPU
		{AB40E222-6558-44BF-8E48-80F849A4D3B9}.Release|Any CPU.ActiveCfg = Release|Any CPU
		{AB40E222-6558-44BF-8E48-80F849A4D3B9}.Release|Any CPU.Build.0 = Release|Any CPU
	EndGlobalSection
	GlobalSection(SolutionProperties) = preSolution
		HideSolutionNode = FALSE
	EndGlobalSection
	GlobalSection(ExtensibilityGlobals) = postSolution
		SolutionGuid = {F8693D79-CCAC-4048-8718-BF5B7AEF4A1D}
	EndGlobalSection
EndGlobal
